
Microsoft Visual Studio Solution File, Format Version 12.00
# Visual Studio Version 17
VisualStudioVersion = 17.14.36109.1
MinimumVisualStudioVersion = 10.0.40219.1
Project("{FAE04EC0-301F-11D3-BF4B-00C04F79EFBC}") = "TingenDevDeploy", "TingenDevDeploy.csproj", "{D370D455-05EC-4CC8-800A-328277F7F3D7}"
EndProject
Project("{FAE04EC0-301F-11D3-BF4B-00C04F79EFBC}") = "TingenLieutenant", "..\..\tingen-lieutenant\src\TingenLieutenant.csproj", "{4C0EB7B0-B449-D086-4BED-483FD914A1AD}"
EndProject
Global
	GlobalSection(SolutionConfigurationPlatforms) = preSolution
		Debug|Any CPU = Debug|Any CPU
		Release|Any CPU = Release|Any CPU
	EndGlobalSection
	GlobalSection(ProjectConfigurationPlatforms) = postSolution
		{D370D455-05EC-4CC8-800A-328277F7F3D7}.Debug|Any CPU.ActiveCfg = Debug|Any CPU
		{D370D455-05EC-4CC8-800A-328277F7F3D7}.Debug|Any CPU.Build.0 = Debug|Any CPU
		{D370D455-05EC-4CC8-800A-328277F7F3D7}.Release|Any CPU.ActiveCfg = Release|Any CPU
		{D370D455-05EC-4CC8-800A-328277F7F3D7}.Release|Any CPU.Build.0 = Release|Any CPU
		{4C0EB7B0-B449-D086-4BED-483FD914A1AD}.Debug|Any CPU.ActiveCfg = Debug|Any CPU
		{4C0EB7B0-B449-D086-4BED-483FD914A1AD}.Debug|Any CPU.Build.0 = Debug|Any CPU
		{4C0EB7B0-B449-D086-4BED-483FD914A1AD}.Release|Any CPU.ActiveCfg = Release|Any CPU
		{4C0EB7B0-B449-D086-4BED-483FD914A1AD}.Release|Any CPU.Build.0 = Release|Any CPU
	EndGlobalSection
	GlobalSection(SolutionProperties) = preSolution
		HideSolutionNode = FALSE
	EndGlobalSection
	GlobalSection(ExtensibilityGlobals) = postSolution
		SolutionGuid = {03F9AF3F-C271-40D3-A42C-F055745D46CD}
	EndGlobalSection
EndGlobal
